{
  "version": 4,
  "terraform_version": "1.5.7",
  "serial": 3,
  "lineage": "11091d27-f0f3-e9a6-6907-8f89b048e4c7",
  "outputs": {
    "protected_repositories": {
      "value": [
        "datalakehouse_v0.1"
      ],
      "type": [
        "tuple",
        [
          "string"
        ]
      ]
    },
    "protection_pattern": {
      "value": [
        "main"
      ],
      "type": [
        "tuple",
        [
          "string"
        ]
      ]
    },
    "required_reviews": {
      "value": [
        0
      ],
      "type": [
        "tuple",
        [
          "number"
        ]
      ]
    }
  },
  "resources": [
    {
      "mode": "managed",
      "type": "github_branch_protection",
      "name": "main",
      "provider": "provider[\"registry.terraform.io/integrations/github\"]",
      "instances": [
        {
          "index_key": "datalakehouse_v0.1",
          "schema_version": 1,
          "attributes": {
            "allows_deletions": false,
            "allows_force_pushes": false,
            "blocks_creations": false,
            "enforce_admins": false,
            "force_push_bypassers": [],
            "id": "BPR_kwDONefZo84Dcrzd",
            "lock_branch": false,
            "pattern": "main",
            "push_restrictions": [],
            "repository_id": "datalakehouse_v0.1",
            "require_conversation_resolution": true,
            "require_signed_commits": false,
            "required_linear_history": true,
            "required_pull_request_reviews": [
              {
                "dismiss_stale_reviews": true,
                "dismissal_restrictions": [],
                "pull_request_bypassers": [],
                "require_code_owner_reviews": false,
                "require_last_push_approval": true,
                "required_approving_review_count": 0,
                "restrict_dismissals": false
              }
            ],
            "required_status_checks": []
          },
          "sensitive_attributes": [],
          "private": "eyJzY2hlbWFfdmVyc2lvbiI6IjEifQ=="
        }
      ]
    }
  ],
  "check_results": null
}
